
Microsoft Visual Studio Solution File, Format Version 12.00
# Visual Studio Version 17
VisualStudioVersion = 17.9.34728.123
MinimumVisualStudioVersion = 10.0.40219.1
Project("{FAE04EC0-301F-11D3-BF4B-00C04F79EFBC}") = "ConferencePro.Api", "ConferencePro.Api\ConferencePro.Api.csproj", "{B7410FFB-4231-4B64-9DB1-0494D0ABEF37}"
EndProject
Global
	GlobalSection(SolutionConfigurationPlatforms) = preSolution
		Debug|Any CPU = Debug|Any CPU
		Release|Any CPU = Release|Any CPU
	EndGlobalSection
	GlobalSection(ProjectConfigurationPlatforms) = postSolution
		{B7410FFB-4231-4B64-9DB1-0494D0ABEF37}.Debug|Any CPU.ActiveCfg = Debug|Any CPU
		{B7410FFB-4231-4B64-9DB1-0494D0ABEF37}.Debug|Any CPU.Build.0 = Debug|Any CPU
		{B7410FFB-4231-4B64-9DB1-0494D0ABEF37}.Release|Any CPU.ActiveCfg = Release|Any CPU
		{B7410FFB-4231-4B64-9DB1-0494D0ABEF37}.Release|Any CPU.Build.0 = Release|Any CPU
	EndGlobalSection
	GlobalSection(SolutionProperties) = preSolution
		HideSolutionNode = FALSE
	EndGlobalSection
	GlobalSection(ExtensibilityGlobals) = postSolution
		SolutionGuid = {96EBDBA3-D898-411F-91AC-C6ED3BD9F1DA}
	EndGlobalSection
EndGlobal
